
Microsoft Visual Studio Solution File, Format Version 12.00
# Visual Studio Version 16
VisualStudioVersion = 16.0.30114.105
MinimumVisualStudioVersion = 10.0.40219.1
Project("{9A19103F-16F7-4668-BE54-9A1E7A4F7556}") = "MatchDataManager.Api", "MatchDataManager.Api\MatchDataManager.Api.csproj", "{29743F0C-25E4-4253-A539-95DA0E3332F4}"
EndProject
Global
	GlobalSection(SolutionConfigurationPlatforms) = preSolution
		Debug|Any CPU = Debug|Any CPU
		Release|Any CPU = Release|Any CPU
	EndGlobalSection
	GlobalSection(ProjectConfigurationPlatforms) = postSolution
		{29743F0C-25E4-4253-A539-95DA0E3332F4}.Debug|Any CPU.ActiveCfg = Debug|Any CPU
		{29743F0C-25E4-4253-A539-95DA0E3332F4}.Debug|Any CPU.Build.0 = Debug|Any CPU
		{29743F0C-25E4-4253-A539-95DA0E3332F4}.Release|Any CPU.ActiveCfg = Release|Any CPU
		{29743F0C-25E4-4253-A539-95DA0E3332F4}.Release|Any CPU.Build.0 = Release|Any CPU
	EndGlobalSection
	GlobalSection(SolutionProperties) = preSolution
		HideSolutionNode = FALSE
	EndGlobalSection
	GlobalSection(ExtensibilityGlobals) = postSolution
		SolutionGuid = {90C7CF56-8252-4DAF-B3C3-A072C1E1F162}
	EndGlobalSection
EndGlobal
